
Microsoft Visual Studio Solution File, Format Version 12.00
# Visual Studio Version 17
VisualStudioVersion = 17.11.35017.193
MinimumVisualStudioVersion = 10.0.40219.1
Project("{FAE04EC0-301F-11D3-BF4B-00C04F79EFBC}") = "PatientManagementAPI", "PatientManagementAPI.csproj", "{6ED4E91A-EA1F-4A8B-A3B7-3D1D872B1CFA}"
EndProject
Global
	GlobalSection(SolutionConfigurationPlatforms) = preSolution
		Debug|Any CPU = Debug|Any CPU
		Release|Any CPU = Release|Any CPU
	EndGlobalSection
	GlobalSection(ProjectConfigurationPlatforms) = postSolution
		{6ED4E91A-EA1F-4A8B-A3B7-3D1D872B1CFA}.Debug|Any CPU.ActiveCfg = Debug|Any CPU
		{6ED4E91A-EA1F-4A8B-A3B7-3D1D872B1CFA}.Debug|Any CPU.Build.0 = Debug|Any CPU
		{6ED4E91A-EA1F-4A8B-A3B7-3D1D872B1CFA}.Release|Any CPU.ActiveCfg = Release|Any CPU
		{6ED4E91A-EA1F-4A8B-A3B7-3D1D872B1CFA}.Release|Any CPU.Build.0 = Release|Any CPU
	EndGlobalSection
	GlobalSection(SolutionProperties) = preSolution
		HideSolutionNode = FALSE
	EndGlobalSection
	GlobalSection(ExtensibilityGlobals) = postSolution
		SolutionGuid = {33D4F3AD-95FC-4B95-B66D-157C4A490D8C}
	EndGlobalSection
EndGlobal
